<?xml version="1.0" encoding="utf-8"?>
<Project ToolsVersion="4.0" xmlns="http://schemas.microsoft.com/developer/msbuild/2003">
  <ItemGroup>
    <Filter Include="Source">
      <UniqueIdentifier>{e53c8698-72b3-4ba0-9546-9660682df836}</UniqueIdentifier>
    </Filter>
    <Filter Include="Include">
      <UniqueIdentifier>{f66b1e96-4857-4c4b-af0f-6cca83910fce}</UniqueIdentifier>
    </Filter>
  </ItemGroup>
  <ItemGroup>
    <ClCompile Include="Source\NewtonSolverCPU.cpp">
      <Filter>Source</Filter>
    </ClCompile>
    <ClCompile Include="Source\FileOperations.cpp">
      <Filter>Source</Filter>
    </ClCompile>
    <ClCompile Include="Source\EditionalTools.cpp">
      <Filter>Source</Filter>
    </ClCompile>
    <ClCompile Include="Source\Equation.cpp">
      <Filter>Source</Filter>
    </ClCompile>
    <ClCompile Include="Source\DataInitializerCPU.cpp">
      <Filter>Source</Filter>
    </ClCompile>
    <ClCompile Include="Source\DataInitializerCUDA.cpp">
      <Filter>Source</Filter>
    </ClCompile>
    <ClCompile Include="Source\DataInitializerCuDSS.cpp">
      <Filter>Source</Filter>
    </ClCompile>
    <ClCompile Include="Source\DataInitializer.cpp">
      <Filter>Source</Filter>
    </ClCompile>
  </ItemGroup>
  <ItemGroup>
    <CudaCompile Include="Source\NewtonSolverCUDA.cu">
      <Filter>Source</Filter>
    </CudaCompile>
    <CudaCompile Include="Source\kernel.cu">
      <Filter>Source</Filter>
    </CudaCompile>
    <CudaCompile Include="Source\NewtonSolverCuDSS.cu">
      <Filter>Source</Filter>
    </CudaCompile>
    <CudaCompile Include="Source\NewtonSolverGPUFunctions.cu">
      <Filter>Source</Filter>
    </CudaCompile>
    <CudaCompile Include="kernel2.cu">
      <Filter>Source</Filter>
    </CudaCompile>
  </ItemGroup>
  <ItemGroup>
    <ClInclude Include="Include\config.h">
      <Filter>Include</Filter>
    </ClInclude>
    <ClInclude Include="Include\EditionalTools.h">
      <Filter>Include</Filter>
    </ClInclude>
    <ClInclude Include="Include\FileOperations.h">
      <Filter>Include</Filter>
    </ClInclude>
    <ClInclude Include="Include\Equation.h">
      <Filter>Include</Filter>
    </ClInclude>
    <ClInclude Include="Include\NewtonSolverGPUFunctions.h">
      <Filter>Include</Filter>
    </ClInclude>
    <ClInclude Include="Include\DataInitializerCPU.h">
      <Filter>Include</Filter>
    </ClInclude>
    <ClInclude Include="Include\DataInitializerCUDA.h">
      <Filter>Include</Filter>
    </ClInclude>
    <ClInclude Include="Include\DataInitializerCuDSS.h">
      <Filter>Include</Filter>
    </ClInclude>
    <ClInclude Include="Include\NewtonSolverCUDA.h">
      <Filter>Include</Filter>
    </ClInclude>
    <ClInclude Include="Include\DataInitializer.h">
      <Filter>Include</Filter>
    </ClInclude>
  </ItemGroup>
</Project>